
Microsoft Visual Studio Solution File, Format Version 12.00
# Visual Studio Version 16
VisualStudioVersion = 16.0.28803.202
MinimumVisualStudioVersion = 10.0.40219.1
Project("{FAE04EC0-301F-11D3-BF4B-00C04F79EFBC}") = "QuickMathTest", "QuickMathTest\QuickMathTest.csproj", "{7C0C3729-6C82-479B-87AA-C4A3A207AFF9}"
EndProject
Global
	GlobalSection(SolutionConfigurationPlatforms) = preSolution
		Debug|Any CPU = Debug|Any CPU
		Release|Any CPU = Release|Any CPU
	EndGlobalSection
	GlobalSection(ProjectConfigurationPlatforms) = postSolution
		{7C0C3729-6C82-479B-87AA-C4A3A207AFF9}.Debug|Any CPU.ActiveCfg = Debug|Any CPU
		{7C0C3729-6C82-479B-87AA-C4A3A207AFF9}.Debug|Any CPU.Build.0 = Debug|Any CPU
		{7C0C3729-6C82-479B-87AA-C4A3A207AFF9}.Release|Any CPU.ActiveCfg = Release|Any CPU
		{7C0C3729-6C82-479B-87AA-C4A3A207AFF9}.Release|Any CPU.Build.0 = Release|Any CPU
	EndGlobalSection
	GlobalSection(SolutionProperties) = preSolution
		HideSolutionNode = FALSE
	EndGlobalSection
	GlobalSection(ExtensibilityGlobals) = postSolution
		SolutionGuid = {1B516D04-7B5D-4A8E-8EB8-E0ADE5E4B9CB}
	EndGlobalSection
EndGlobal
